
Microsoft Visual Studio Solution File, Format Version 12.00
# Visual Studio Version 17
VisualStudioVersion = 17.5.002.0
MinimumVisualStudioVersion = 10.0.40219.1
Project("{9A19103F-16F7-4668-BE54-9A1E7A4F7556}") = "inmobiliaria_api", "inmobiliaria_api.csproj", "{EC914B6F-86D4-4093-AD92-09C4BFC30DA5}"
EndProject
Global
	GlobalSection(SolutionConfigurationPlatforms) = preSolution
		Debug|Any CPU = Debug|Any CPU
		Release|Any CPU = Release|Any CPU
	EndGlobalSection
	GlobalSection(ProjectConfigurationPlatforms) = postSolution
		{EC914B6F-86D4-4093-AD92-09C4BFC30DA5}.Debug|Any CPU.ActiveCfg = Debug|Any CPU
		{EC914B6F-86D4-4093-AD92-09C4BFC30DA5}.Debug|Any CPU.Build.0 = Debug|Any CPU
		{EC914B6F-86D4-4093-AD92-09C4BFC30DA5}.Release|Any CPU.ActiveCfg = Release|Any CPU
		{EC914B6F-86D4-4093-AD92-09C4BFC30DA5}.Release|Any CPU.Build.0 = Release|Any CPU
	EndGlobalSection
	GlobalSection(SolutionProperties) = preSolution
		HideSolutionNode = FALSE
	EndGlobalSection
	GlobalSection(ExtensibilityGlobals) = postSolution
		SolutionGuid = {46BC52BA-C0D0-4E95-BFAD-750A99ED5A99}
	EndGlobalSection
EndGlobal
